
Microsoft Visual Studio Solution File, Format Version 12.00
# Visual Studio 14
VisualStudioVersion = 14.0.25420.1
MinimumVisualStudioVersion = 10.0.40219.1
Project("{8BC9CEB8-8B4A-11D0-8D11-00A0C91BC942}") = "test", "test\test.vcxproj", "{CC0A5EAB-5CA5-4369-86E8-FCFA06AA3663}"
EndProject
Project("{8BC9CEB8-8B4A-11D0-8D11-00A0C91BC942}") = "Array", "LearnC\LearnC.vcxproj", "{54AE8BAB-C37A-4A39-AAB2-F05EADF9ACFA}"
EndProject
Project("{8BC9CEB8-8B4A-11D0-8D11-00A0C91BC942}") = "Function", "Function\Function.vcxproj", "{4D28C7F5-F343-44B8-8FA5-408D2EB63EFE}"
EndProject
Project("{8BC9CEB8-8B4A-11D0-8D11-00A0C91BC942}") = "PragrammStruct", "PragrammStruct\PragrammStruct.vcxproj", "{4C1E2ECF-C558-467D-9BF7-338B10FCC10E}"
EndProject
Project("{8BC9CEB8-8B4A-11D0-8D11-00A0C91BC942}") = "Pointer", "Pointer\Pointer.vcxproj", "{052A2651-5A6B-46EC-9990-5A2F9C567DA6}"
EndProject
Project("{8BC9CEB8-8B4A-11D0-8D11-00A0C91BC942}") = "String", "String\String.vcxproj", "{FC28852B-0F56-470A-9A68-59FFED32AB5D}"
EndProject
Project("{8BC9CEB8-8B4A-11D0-8D11-00A0C91BC942}") = "LargerDemo", "LargerDemo\LargerDemo.vcxproj", "{62BF1DAF-A293-4F5B-A52C-E46F905BE22D}"
EndProject
Project("{8BC9CEB8-8B4A-11D0-8D11-00A0C91BC942}") = "ProdectData", "ProdectData\ProdectData.vcxproj", "{5267CE06-3A65-443D-AAEE-83295A95B4D3}"
EndProject
Project("{8BC9CEB8-8B4A-11D0-8D11-00A0C91BC942}") = "MallocDemo", "MallocDemo\MallocDemo.vcxproj", "{42C59D4A-55F3-4FAA-99CA-118E09F445FD}"
EndProject
Project("{8BC9CEB8-8B4A-11D0-8D11-00A0C91BC942}") = "TestLib", "TestLib\TestLib.vcxproj", "{CB3D1605-5B83-42C2-B124-F9259B7D68BE}"
EndProject
Project("{8BC9CEB8-8B4A-11D0-8D11-00A0C91BC942}") = "TestLibAndDll", "TestLibAndDll\TestLibAndDll.vcxproj", "{1BF6B591-DDB3-4D90-849C-331FECB87869}"
EndProject
Project("{8BC9CEB8-8B4A-11D0-8D11-00A0C91BC942}") = "TestDll", "TestDll\TestDll.vcxproj", "{22D2622D-515D-4865-8590-07399F05B8EA}"
EndProject
Project("{FAE04EC0-301F-11D3-BF4B-00C04F79EFBC}") = "TestCDll", "TestCDll\TestCDll.csproj", "{8B7A9C47-7037-4C67-88CD-FF9E01962CC2}"
EndProject
Global
	GlobalSection(SolutionConfigurationPlatforms) = preSolution
		Debug|Any CPU = Debug|Any CPU
		Debug|x64 = Debug|x64
		Debug|x86 = Debug|x86
		Release|Any CPU = Release|Any CPU
		Release|x64 = Release|x64
		Release|x86 = Release|x86
	EndGlobalSection
	GlobalSection(ProjectConfigurationPlatforms) = postSolution
		{CC0A5EAB-5CA5-4369-86E8-FCFA06AA3663}.Debug|Any CPU.ActiveCfg = Debug|Win32
		{CC0A5EAB-5CA5-4369-86E8-FCFA06AA3663}.Debug|x64.ActiveCfg = Debug|x64
		{CC0A5EAB-5CA5-4369-86E8-FCFA06AA3663}.Debug|x64.Build.0 = Debug|x64
		{CC0A5EAB-5CA5-4369-86E8-FCFA06AA3663}.Debug|x86.ActiveCfg = Debug|Win32
		{CC0A5EAB-5CA5-4369-86E8-FCFA06AA3663}.Debug|x86.Build.0 = Debug|Win32
		{CC0A5EAB-5CA5-4369-86E8-FCFA06AA3663}.Release|Any CPU.ActiveCfg = Release|Win32
		{CC0A5EAB-5CA5-4369-86E8-FCFA06AA3663}.Release|x64.ActiveCfg = Release|x64
		{CC0A5EAB-5CA5-4369-86E8-FCFA06AA3663}.Release|x64.Build.0 = Release|x64
		{CC0A5EAB-5CA5-4369-86E8-FCFA06AA3663}.Release|x86.ActiveCfg = Release|Win32
		{CC0A5EAB-5CA5-4369-86E8-FCFA06AA3663}.Release|x86.Build.0 = Release|Win32
		{54AE8BAB-C37A-4A39-AAB2-F05EADF9ACFA}.Debug|Any CPU.ActiveCfg = Debug|Win32
		{54AE8BAB-C37A-4A39-AAB2-F05EADF9ACFA}.Debug|x64.ActiveCfg = Debug|x64
		{54AE8BAB-C37A-4A39-AAB2-F05EADF9ACFA}.Debug|x64.Build.0 = Debug|x64
		{54AE8BAB-C37A-4A39-AAB2-F05EADF9ACFA}.Debug|x86.ActiveCfg = Debug|Win32
		{54AE8BAB-C37A-4A39-AAB2-F05EADF9ACFA}.Debug|x86.Build.0 = Debug|Win32
		{54AE8BAB-C37A-4A39-AAB2-F05EADF9ACFA}.Release|Any CPU.ActiveCfg = Release|Win32
		{54AE8BAB-C37A-4A39-AAB2-F05EADF9ACFA}.Release|x64.ActiveCfg = Release|x64
		{54AE8BAB-C37A-4A39-AAB2-F05EADF9ACFA}.Release|x64.Build.0 = Release|x64
		{54AE8BAB-C37A-4A39-AAB2-F05EADF9ACFA}.Release|x86.ActiveCfg = Release|Win32
		{54AE8BAB-C37A-4A39-AAB2-F05EADF9ACFA}.Release|x86.Build.0 = Release|Win32
		{4D28C7F5-F343-44B8-8FA5-408D2EB63EFE}.Debug|Any CPU.ActiveCfg = Debug|Win32
		{4D28C7F5-F343-44B8-8FA5-408D2EB63EFE}.Debug|x64.ActiveCfg = Debug|x64
		{4D28C7F5-F343-44B8-8FA5-408D2EB63EFE}.Debug|x64.Build.0 = Debug|x64
		{4D28C7F5-F343-44B8-8FA5-408D2EB63EFE}.Debug|x86.ActiveCfg = Debug|Win32
		{4D28C7F5-F343-44B8-8FA5-408D2EB63EFE}.Debug|x86.Build.0 = Debug|Win32
		{4D28C7F5-F343-44B8-8FA5-408D2EB63EFE}.Release|Any CPU.ActiveCfg = Release|Win32
		{4D28C7F5-F343-44B8-8FA5-408D2EB63EFE}.Release|x64.ActiveCfg = Release|x64
		{4D28C7F5-F343-44B8-8FA5-408D2EB63EFE}.Release|x64.Build.0 = Release|x64
		{4D28C7F5-F343-44B8-8FA5-408D2EB63EFE}.Release|x86.ActiveCfg = Release|Win32
		{4D28C7F5-F343-44B8-8FA5-408D2EB63EFE}.Release|x86.Build.0 = Release|Win32
		{4C1E2ECF-C558-467D-9BF7-338B10FCC10E}.Debug|Any CPU.ActiveCfg = Debug|Win32
		{4C1E2ECF-C558-467D-9BF7-338B10FCC10E}.Debug|x64.ActiveCfg = Debug|x64
		{4C1E2ECF-C558-467D-9BF7-338B10FCC10E}.Debug|x64.Build.0 = Debug|x64
		{4C1E2ECF-C558-467D-9BF7-338B10FCC10E}.Debug|x86.ActiveCfg = Debug|Win32
		{4C1E2ECF-C558-467D-9BF7-338B10FCC10E}.Debug|x86.Build.0 = Debug|Win32
		{4C1E2ECF-C558-467D-9BF7-338B10FCC10E}.Release|Any CPU.ActiveCfg = Release|Win32
		{4C1E2ECF-C558-467D-9BF7-338B10FCC10E}.Release|x64.ActiveCfg = Release|x64
		{4C1E2ECF-C558-467D-9BF7-338B10FCC10E}.Release|x64.Build.0 = Release|x64
		{4C1E2ECF-C558-467D-9BF7-338B10FCC10E}.Release|x86.ActiveCfg = Release|Win32
		{4C1E2ECF-C558-467D-9BF7-338B10FCC10E}.Release|x86.Build.0 = Release|Win32
		{052A2651-5A6B-46EC-9990-5A2F9C567DA6}.Debug|Any CPU.ActiveCfg = Debug|Win32
		{052A2651-5A6B-46EC-9990-5A2F9C567DA6}.Debug|x64.ActiveCfg = Debug|x64
		{052A2651-5A6B-46EC-9990-5A2F9C567DA6}.Debug|x64.Build.0 = Debug|x64
		{052A2651-5A6B-46EC-9990-5A2F9C567DA6}.Debug|x86.ActiveCfg = Debug|Win32
		{052A2651-5A6B-46EC-9990-5A2F9C567DA6}.Debug|x86.Build.0 = Debug|Win32
		{052A2651-5A6B-46EC-9990-5A2F9C567DA6}.Release|Any CPU.ActiveCfg = Release|Win32
		{052A2651-5A6B-46EC-9990-5A2F9C567DA6}.Release|x64.ActiveCfg = Release|x64
		{052A2651-5A6B-46EC-9990-5A2F9C567DA6}.Release|x64.Build.0 = Release|x64
		{052A2651-5A6B-46EC-9990-5A2F9C567DA6}.Release|x86.ActiveCfg = Release|Win32
		{052A2651-5A6B-46EC-9990-5A2F9C567DA6}.Release|x86.Build.0 = Release|Win32
		{FC28852B-0F56-470A-9A68-59FFED32AB5D}.Debug|Any CPU.ActiveCfg = Debug|Win32
		{FC28852B-0F56-470A-9A68-59FFED32AB5D}.Debug|x64.ActiveCfg = Debug|x64
		{FC28852B-0F56-470A-9A68-59FFED32AB5D}.Debug|x64.Build.0 = Debug|x64
		{FC28852B-0F56-470A-9A68-59FFED32AB5D}.Debug|x86.ActiveCfg = Debug|Win32
		{FC28852B-0F56-470A-9A68-59FFED32AB5D}.Debug|x86.Build.0 = Debug|Win32
		{FC28852B-0F56-470A-9A68-59FFED32AB5D}.Release|Any CPU.ActiveCfg = Release|Win32
		{FC28852B-0F56-470A-9A68-59FFED32AB5D}.Release|x64.ActiveCfg = Release|x64
		{FC28852B-0F56-470A-9A68-59FFED32AB5D}.Release|x64.Build.0 = Release|x64
		{FC28852B-0F56-470A-9A68-59FFED32AB5D}.Release|x86.ActiveCfg = Release|Win32
		{FC28852B-0F56-470A-9A68-59FFED32AB5D}.Release|x86.Build.0 = Release|Win32
		{62BF1DAF-A293-4F5B-A52C-E46F905BE22D}.Debug|Any CPU.ActiveCfg = Debug|Win32
		{62BF1DAF-A293-4F5B-A52C-E46F905BE22D}.Debug|x64.ActiveCfg = Debug|x64
		{62BF1DAF-A293-4F5B-A52C-E46F905BE22D}.Debug|x64.Build.0 = Debug|x64
		{62BF1DAF-A293-4F5B-A52C-E46F905BE22D}.Debug|x86.ActiveCfg = Debug|Win32
		{62BF1DAF-A293-4F5B-A52C-E46F905BE22D}.Debug|x86.Build.0 = Debug|Win32
		{62BF1DAF-A293-4F5B-A52C-E46F905BE22D}.Release|Any CPU.ActiveCfg = Release|Win32
		{62BF1DAF-A293-4F5B-A52C-E46F905BE22D}.Release|x64.ActiveCfg = Release|x64
		{62BF1DAF-A293-4F5B-A52C-E46F905BE22D}.Release|x64.Build.0 = Release|x64
		{62BF1DAF-A293-4F5B-A52C-E46F905BE22D}.Release|x86.ActiveCfg = Release|Win32
		{62BF1DAF-A293-4F5B-A52C-E46F905BE22D}.Release|x86.Build.0 = Release|Win32
		{5267CE06-3A65-443D-AAEE-83295A95B4D3}.Debug|Any CPU.ActiveCfg = Debug|Win32
		{5267CE06-3A65-443D-AAEE-83295A95B4D3}.Debug|x64.ActiveCfg = Debug|x64
		{5267CE06-3A65-443D-AAEE-83295A95B4D3}.Debug|x64.Build.0 = Debug|x64
		{5267CE06-3A65-443D-AAEE-83295A95B4D3}.Debug|x86.ActiveCfg = Debug|Win32
		{5267CE06-3A65-443D-AAEE-83295A95B4D3}.Debug|x86.Build.0 = Debug|Win32
		{5267CE06-3A65-443D-AAEE-83295A95B4D3}.Release|Any CPU.ActiveCfg = Release|Win32
		{5267CE06-3A65-443D-AAEE-83295A95B4D3}.Release|x64.ActiveCfg = Release|x64
		{5267CE06-3A65-443D-AAEE-83295A95B4D3}.Release|x64.Build.0 = Release|x64
		{5267CE06-3A65-443D-AAEE-83295A95B4D3}.Release|x86.ActiveCfg = Release|Win32
		{5267CE06-3A65-443D-AAEE-83295A95B4D3}.Release|x86.Build.0 = Release|Win32
		{42C59D4A-55F3-4FAA-99CA-118E09F445FD}.Debug|Any CPU.ActiveCfg = Debug|Win32
		{42C59D4A-55F3-4FAA-99CA-118E09F445FD}.Debug|x64.ActiveCfg = Debug|x64
		{42C59D4A-55F3-4FAA-99CA-118E09F445FD}.Debug|x64.Build.0 = Debug|x64
		{42C59D4A-55F3-4FAA-99CA-118E09F445FD}.Debug|x86.ActiveCfg = Debug|Win32
		{42C59D4A-55F3-4FAA-99CA-118E09F445FD}.Debug|x86.Build.0 = Debug|Win32
		{42C59D4A-55F3-4FAA-99CA-118E09F445FD}.Release|Any CPU.ActiveCfg = Release|Win32
		{42C59D4A-55F3-4FAA-99CA-118E09F445FD}.Release|x64.ActiveCfg = Release|x64
		{42C59D4A-55F3-4FAA-99CA-118E09F445FD}.Release|x64.Build.0 = Release|x64
		{42C59D4A-55F3-4FAA-99CA-118E09F445FD}.Release|x86.ActiveCfg = Release|Win32
		{42C59D4A-55F3-4FAA-99CA-118E09F445FD}.Release|x86.Build.0 = Release|Win32
		{CB3D1605-5B83-42C2-B124-F9259B7D68BE}.Debug|Any CPU.ActiveCfg = Debug|Win32
		{CB3D1605-5B83-42C2-B124-F9259B7D68BE}.Debug|x64.ActiveCfg = Debug|x64
		{CB3D1605-5B83-42C2-B124-F9259B7D68BE}.Debug|x64.Build.0 = Debug|x64
		{CB3D1605-5B83-42C2-B124-F9259B7D68BE}.Debug|x86.ActiveCfg = Debug|Win32
		{CB3D1605-5B83-42C2-B124-F9259B7D68BE}.Debug|x86.Build.0 = Debug|Win32
		{CB3D1605-5B83-42C2-B124-F9259B7D68BE}.Release|Any CPU.ActiveCfg = Release|Win32
		{CB3D1605-5B83-42C2-B124-F9259B7D68BE}.Release|x64.ActiveCfg = Release|x64
		{CB3D1605-5B83-42C2-B124-F9259B7D68BE}.Release|x64.Build.0 = Release|x64
		{CB3D1605-5B83-42C2-B124-F9259B7D68BE}.Release|x86.ActiveCfg = Release|Win32
		{CB3D1605-5B83-42C2-B124-F9259B7D68BE}.Release|x86.Build.0 = Release|Win32
		{1BF6B591-DDB3-4D90-849C-331FECB87869}.Debug|Any CPU.ActiveCfg = Debug|Win32
		{1BF6B591-DDB3-4D90-849C-331FECB87869}.Debug|x64.ActiveCfg = Debug|x64
		{1BF6B591-DDB3-4D90-849C-331FECB87869}.Debug|x64.Build.0 = Debug|x64
		{1BF6B591-DDB3-4D90-849C-331FECB87869}.Debug|x86.ActiveCfg = Debug|Win32
		{1BF6B591-DDB3-4D90-849C-331FECB87869}.Debug|x86.Build.0 = Debug|Win32
		{1BF6B591-DDB3-4D90-849C-331FECB87869}.Release|Any CPU.ActiveCfg = Release|Win32
		{1BF6B591-DDB3-4D90-849C-331FECB87869}.Release|x64.ActiveCfg = Release|x64
		{1BF6B591-DDB3-4D90-849C-331FECB87869}.Release|x64.Build.0 = Release|x64
		{1BF6B591-DDB3-4D90-849C-331FECB87869}.Release|x86.ActiveCfg = Release|Win32
		{1BF6B591-DDB3-4D90-849C-331FECB87869}.Release|x86.Build.0 = Release|Win32
		{22D2622D-515D-4865-8590-07399F05B8EA}.Debug|Any CPU.ActiveCfg = Debug|Win32
		{22D2622D-515D-4865-8590-07399F05B8EA}.Debug|x64.ActiveCfg = Debug|x64
		{22D2622D-515D-4865-8590-07399F05B8EA}.Debug|x64.Build.0 = Debug|x64
		{22D2622D-515D-4865-8590-07399F05B8EA}.Debug|x86.ActiveCfg = Debug|Win32
		{22D2622D-515D-4865-8590-07399F05B8EA}.Debug|x86.Build.0 = Debug|Win32
		{22D2622D-515D-4865-8590-07399F05B8EA}.Release|Any CPU.ActiveCfg = Release|Win32
		{22D2622D-515D-4865-8590-07399F05B8EA}.Release|x64.ActiveCfg = Release|x64
		{22D2622D-515D-4865-8590-07399F05B8EA}.Release|x64.Build.0 = Release|x64
		{22D2622D-515D-4865-8590-07399F05B8EA}.Release|x86.ActiveCfg = Release|Win32
		{22D2622D-515D-4865-8590-07399F05B8EA}.Release|x86.Build.0 = Release|Win32
		{8B7A9C47-7037-4C67-88CD-FF9E01962CC2}.Debug|Any CPU.ActiveCfg = Debug|Any CPU
		{8B7A9C47-7037-4C67-88CD-FF9E01962CC2}.Debug|Any CPU.Build.0 = Debug|Any CPU
		{8B7A9C47-7037-4C67-88CD-FF9E01962CC2}.Debug|x64.ActiveCfg = Debug|Any CPU
		{8B7A9C47-7037-4C67-88CD-FF9E01962CC2}.Debug|x64.Build.0 = Debug|Any CPU
		{8B7A9C47-7037-4C67-88CD-FF9E01962CC2}.Debug|x86.ActiveCfg = Debug|Any CPU
		{8B7A9C47-7037-4C67-88CD-FF9E01962CC2}.Debug|x86.Build.0 = Debug|Any CPU
		{8B7A9C47-7037-4C67-88CD-FF9E01962CC2}.Release|Any CPU.ActiveCfg = Release|Any CPU
		{8B7A9C47-7037-4C67-88CD-FF9E01962CC2}.Release|Any CPU.Build.0 = Release|Any CPU
		{8B7A9C47-7037-4C67-88CD-FF9E01962CC2}.Release|x64.ActiveCfg = Release|Any CPU
		{8B7A9C47-7037-4C67-88CD-FF9E01962CC2}.Release|x64.Build.0 = Release|Any CPU
		{8B7A9C47-7037-4C67-88CD-FF9E01962CC2}.Release|x86.ActiveCfg = Release|Any CPU
		{8B7A9C47-7037-4C67-88CD-FF9E01962CC2}.Release|x86.Build.0 = Release|Any CPU
	EndGlobalSection
	GlobalSection(SolutionProperties) = preSolution
		HideSolutionNode = FALSE
	EndGlobalSection
EndGlobal
